
Microsoft Visual Studio Solution File, Format Version 12.00
# Visual Studio Version 16
VisualStudioVersion = 16.0.31112.23
MinimumVisualStudioVersion = 10.0.40219.1
Project("{FAE04EC0-301F-11D3-BF4B-00C04F79EFBC}") = "Online_Private_Tutors_Finder_System", "Online_Private_Tutors_Finder_System\Online_Private_Tutors_Finder_System.csproj", "{8ECF5E80-9917-4668-9051-80C8304293CB}"
EndProject
Global
	GlobalSection(SolutionConfigurationPlatforms) = preSolution
		Debug|Any CPU = Debug|Any CPU
		Release|Any CPU = Release|Any CPU
	EndGlobalSection
	GlobalSection(ProjectConfigurationPlatforms) = postSolution
		{8ECF5E80-9917-4668-9051-80C8304293CB}.Debug|Any CPU.ActiveCfg = Debug|Any CPU
		{8ECF5E80-9917-4668-9051-80C8304293CB}.Debug|Any CPU.Build.0 = Debug|Any CPU
		{8ECF5E80-9917-4668-9051-80C8304293CB}.Release|Any CPU.ActiveCfg = Release|Any CPU
		{8ECF5E80-9917-4668-9051-80C8304293CB}.Release|Any CPU.Build.0 = Release|Any CPU
	EndGlobalSection
	GlobalSection(SolutionProperties) = preSolution
		HideSolutionNode = FALSE
	EndGlobalSection
	GlobalSection(ExtensibilityGlobals) = postSolution
		SolutionGuid = {BD49ECA7-DD40-4381-8CCF-DB000F1CFDD2}
	EndGlobalSection
EndGlobal
